// !$*UTF8*$!
{
	archiveVersion = 1;
	classes = {
	};
	objectVersion = 77;
	objects = {

/* Begin PBXBuildFile section */
		FA1841342F3F40C000961D7A /* Localizable_en.strings in Resources */ = {isa = PBXBuildFile; fileRef = FA18411B2F3F40C000961D7A /* Localizable_en.strings */; };
		FA1841352F3F40C000961D7A /* Localizable_ru.strings in Resources */ = {isa = PBXBuildFile; fileRef = FA18411C2F3F40C000961D7A /* Localizable_ru.strings */; };
		FA1841372F3F40C000961D7A /* SearchView.swift in Sources */ = {isa = PBXBuildFile; fileRef = FA18412D2F3F40C000961D7A /* SearchView.swift */; };
		FA1841382F3F40C000961D7A /* SearchQuery.swift in Sources */ = {isa = PBXBuildFile; fileRef = FA1841192F3F40C000961D7A /* SearchQuery.swift */; };
		FA1841392F3F40C000961D7A /* SavedFlightModel.swift in Sources */ = {isa = PBXBuildFile; fileRef = FA1841182F3F40C000961D7A /* SavedFlightModel.swift */; };
		FA18413A2F3F40C000961D7A /* RootTabView.swift in Sources */ = {isa = PBXBuildFile; fileRef = FA1841142F3F40C000961D7A /* RootTabView.swift */; };
		FA18413B2F3F40C000961D7A /* Flight.swift in Sources */ = {isa = PBXBuildFile; fileRef = FA1841172F3F40C000961D7A /* Flight.swift */; };
		FA18413C2F3F40C000961D7A /* FlightDetailsView.swift in Sources */ = {isa = PBXBuildFile; fileRef = FA1841292F3F40C000961D7A /* FlightDetailsView.swift */; };
		FA18413D2F3F40C000961D7A /* ThemeService.swift in Sources */ = {isa = PBXBuildFile; fileRef = FA1841222F3F40C000961D7A /* ThemeService.swift */; };
		FA18413E2F3F40C000961D7A /* SettingsViewModel.swift in Sources */ = {isa = PBXBuildFile; fileRef = FA1841272F3F40C000961D7A /* SettingsViewModel.swift */; };
		FA18413F2F3F40C000961D7A /* SplashScreenView.swift in Sources */ = {isa = PBXBuildFile; fileRef = FA1841152F3F40C000961D7A /* SplashScreenView.swift */; };
		FA1841402F3F40C000961D7A /* SettingsView.swift in Sources */ = {isa = PBXBuildFile; fileRef = FA18412F2F3F40C000961D7A /* SettingsView.swift */; };
		FA1841412F3F40C000961D7A /* SettingsManager.swift in Sources */ = {isa = PBXBuildFile; fileRef = FA1841212F3F40C000961D7A /* SettingsManager.swift */; };
		FA1841422F3F40C000961D7A /* FlightDetailsViewModel.swift in Sources */ = {isa = PBXBuildFile; fileRef = FA1841242F3F40C000961D7A /* FlightDetailsViewModel.swift */; };
		FA1841432F3F40C000961D7A /* MockFlightService.swift in Sources */ = {isa = PBXBuildFile; fileRef = FA1841202F3F40C000961D7A /* MockFlightService.swift */; };
		FA1841442F3F40C000961D7A /* DatabaseService.swift in Sources */ = {isa = PBXBuildFile; fileRef = FA18411E2F3F40C000961D7A /* DatabaseService.swift */; };
		FA1841452F3F40C000961D7A /* SearchViewModel.swift in Sources */ = {isa = PBXBuildFile; fileRef = FA1841262F3F40C000961D7A /* SearchViewModel.swift */; };
		FA1841462F3F40C000961D7A /* LocalizationService.swift in Sources */ = {isa = PBXBuildFile; fileRef = FA18411F2F3F40C000961D7A /* LocalizationService.swift */; };
		FA1841472F3F40C000961D7A /* SavedFlightsViewModel.swift in Sources */ = {isa = PBXBuildFile; fileRef = FA1841252F3F40C000961D7A /* SavedFlightsViewModel.swift */; };
		FA1841482F3F40C000961D7A /* SavedFlightsView.swift in Sources */ = {isa = PBXBuildFile; fileRef = FA18412B2F3F40C000961D7A /* SavedFlightsView.swift */; };
		FA1841492F3F40C000961D7A /* flights.json in Resources */ = {isa = PBXBuildFile; fileRef = FA18414A2F3F40C000961D7A /* flights.json */; };
		FA18414B2F3F40C000961D7A /* NotificationService.swift in Sources */ = {isa = PBXBuildFile; fileRef = FA18414C2F3F40C000961D7A /* NotificationService.swift */; };
		FA1EDF142F472BCF00917376 /* WeatherService.swift in Sources */ = {isa = PBXBuildFile; fileRef = FA1EDF132F472BCF00917376 /* WeatherService.swift */; };
		FA7A49032F56E60B008039ED /* GoogleService-Info.plist in Resources */ = {isa = PBXBuildFile; fileRef = FA7A49022F56E60B008039ED /* GoogleService-Info.plist */; };
		FACBC4532F45F3D50078DE6D /* NetworkMonitor.swift in Sources */ = {isa = PBXBuildFile; fileRef = FACBC4522F45F3D50078DE6D /* NetworkMonitor.swift */; };
		FACBC45B2F45F6000078DE6D /* ConnectionBanner.swift in Sources */ = {isa = PBXBuildFile; fileRef = FACBC4592F45F6000078DE6D /* ConnectionBanner.swift */; };
		FCC2CDC92F54ADC20019E2C9 /* Assets.xcassets in Resources */ = {isa = PBXBuildFile; fileRef = FCC2CDC22F54ADC20019E2C9 /* Assets.xcassets */; };
		FCC2CDCB2F54ADC20019E2C9 /* bsuir.xcdatamodeld in Sources */ = {isa = PBXBuildFile; fileRef = FCC2CDC32F54ADC20019E2C9 /* bsuir.xcdatamodeld */; };
		FCC2CDCC2F54ADC20019E2C9 /* bsuirApp.swift in Sources */ = {isa = PBXBuildFile; fileRef = FCC2CDC42F54ADC20019E2C9 /* bsuirApp.swift */; };
		FCC2CDCD2F54ADC20019E2C9 /* Persistence.swift in Sources */ = {isa = PBXBuildFile; fileRef = FCC2CDC62F54ADC20019E2C9 /* Persistence.swift */; };
		FCC2CDD02F54AE5E0019E2C9 /* FirebaseAuth in Frameworks */ = {isa = PBXBuildFile; productRef = FCC2CDCF2F54AE5E0019E2C9 /* FirebaseAuth */; };
		FCC2CDD22F54AE680019E2C9 /* FirebaseCore in Frameworks */ = {isa = PBXBuildFile; productRef = FCC2CDD12F54AE680019E2C9 /* FirebaseCore */; };
		FCC2CDD42F54AE710019E2C9 /* FirebaseFirestore in Frameworks */ = {isa = PBXBuildFile; productRef = FCC2CDD32F54AE710019E2C9 /* FirebaseFirestore */; };
		FCFE285D2F54986C00A678FE /* ImageKitIO in Frameworks */ = {isa = PBXBuildFile; productRef = FCFE285C2F54986C00A678FE /* ImageKitIO */; };
/* End PBXBuildFile section */

/* Begin PBXFileReference section */
		FA1840C32F3F3C3D00961D7A /* bsuir.app */ = {isa = PBXFileReference; explicitFileType = wrapper.application; includeInIndex = 0; path = bsuir.app; sourceTree = BUILT_PRODUCTS_DIR; };
		FA1841142F3F40C000961D7A /* RootTabView.swift */ = {isa = PBXFileReference; lastKnownFileType = sourcecode.swift; path = RootTabView.swift; sourceTree = "<group>"; };
		FA1841152F3F40C000961D7A /* SplashScreenView.swift */ = {isa = PBXFileReference; lastKnownFileType = sourcecode.swift; path = SplashScreenView.swift; sourceTree = "<group>"; };
		FA1841172F3F40C000961D7A /* Flight.swift */ = {isa = PBXFileReference; lastKnownFileType = sourcecode.swift; path = Flight.swift; sourceTree = "<group>"; };
		FA1841182F3F40C000961D7A /* SavedFlightModel.swift */ = {isa = PBXFileReference; lastKnownFileType = sourcecode.swift; path = SavedFlightModel.swift; sourceTree = "<group>"; };
		FA1841192F3F40C000961D7A /* SearchQuery.swift */ = {isa = PBXFileReference; lastKnownFileType = sourcecode.swift; path = SearchQuery.swift; sourceTree = "<group>"; };
		FA18411B2F3F40C000961D7A /* Localizable_en.strings */ = {isa = PBXFileReference; lastKnownFileType = text.plist.strings; path = Localizable_en.strings; sourceTree = "<group>"; };
		FA18411C2F3F40C000961D7A /* Localizable_ru.strings */ = {isa = PBXFileReference; lastKnownFileType = text.plist.strings; path = Localizable_ru.strings; sourceTree = "<group>"; };
		FA18411E2F3F40C000961D7A /* DatabaseService.swift */ = {isa = PBXFileReference; lastKnownFileType = sourcecode.swift; path = DatabaseService.swift; sourceTree = "<group>"; };
		FA18411F2F3F40C000961D7A /* LocalizationService.swift */ = {isa = PBXFileReference; lastKnownFileType = sourcecode.swift; path = LocalizationService.swift; sourceTree = "<group>"; };
		FA1841202F3F40C000961D7A /* MockFlightService.swift */ = {isa = PBXFileReference; lastKnownFileType = sourcecode.swift; path = MockFlightService.swift; sourceTree = "<group>"; };
		FA1841212F3F40C000961D7A /* SettingsManager.swift */ = {isa = PBXFileReference; lastKnownFileType = sourcecode.swift; path = SettingsManager.swift; sourceTree = "<group>"; };
		FA1841222F3F40C000961D7A /* ThemeService.swift */ = {isa = PBXFileReference; lastKnownFileType = sourcecode.swift; path = ThemeService.swift; sourceTree = "<group>"; };
		FA1841242F3F40C000961D7A /* FlightDetailsViewModel.swift */ = {isa = PBXFileReference; lastKnownFileType = sourcecode.swift; path = FlightDetailsViewModel.swift; sourceTree = "<group>"; };
		FA1841252F3F40C000961D7A /* SavedFlightsViewModel.swift */ = {isa = PBXFileReference; lastKnownFileType = sourcecode.swift; path = SavedFlightsViewModel.swift; sourceTree = "<group>"; };
		FA1841262F3F40C000961D7A /* SearchViewModel.swift */ = {isa = PBXFileReference; lastKnownFileType = sourcecode.swift; path = SearchViewModel.swift; sourceTree = "<group>"; };
		FA1841272F3F40C000961D7A /* SettingsViewModel.swift */ = {isa = PBXFileReference; lastKnownFileType = sourcecode.swift; path = SettingsViewModel.swift; sourceTree = "<group>"; };
		FA1841292F3F40C000961D7A /* FlightDetailsView.swift */ = {isa = PBXFileReference; lastKnownFileType = sourcecode.swift; path = FlightDetailsView.swift; sourceTree = "<group>"; };
		FA18412B2F3F40C000961D7A /* SavedFlightsView.swift */ = {isa = PBXFileReference; lastKnownFileType = sourcecode.swift; path = SavedFlightsView.swift; sourceTree = "<group>"; };
		FA18412D2F3F40C000961D7A /* SearchView.swift */ = {isa = PBXFileReference; lastKnownFileType = sourcecode.swift; path = SearchView.swift; sourceTree = "<group>"; };
		FA18412F2F3F40C000961D7A /* SettingsView.swift */ = {isa = PBXFileReference; lastKnownFileType = sourcecode.swift; path = SettingsView.swift; sourceTree = "<group>"; };
		FA18414A2F3F40C000961D7A /* flights.json */ = {isa = PBXFileReference; lastKnownFileType = text.json; path = flights.json; sourceTree = "<group>"; };
		FA18414C2F3F40C000961D7A /* NotificationService.swift */ = {isa = PBXFileReference; lastKnownFileType = sourcecode.swift; path = NotificationService.swift; sourceTree = "<group>"; };
		FA1EDF132F472BCF00917376 /* WeatherService.swift */ = {isa = PBXFileReference; lastKnownFileType = sourcecode.swift; path = WeatherService.swift; sourceTree = "<group>"; };
		FA7A49022F56E60B008039ED /* GoogleService-Info.plist */ = {isa = PBXFileReference; lastKnownFileType = text.plist.xml; path = "GoogleService-Info.plist"; sourceTree = "<group>"; };
		FACBC4522F45F3D50078DE6D /* NetworkMonitor.swift */ = {isa = PBXFileReference; lastKnownFileType = sourcecode.swift; path = NetworkMonitor.swift; sourceTree = "<group>"; };
		FACBC4592F45F6000078DE6D /* ConnectionBanner.swift */ = {isa = PBXFileReference; lastKnownFileType = sourcecode.swift; path = ConnectionBanner.swift; sourceTree = "<group>"; };
		FCC2CDC22F54ADC20019E2C9 /* Assets.xcassets */ = {isa = PBXFileReference; lastKnownFileType = folder.assetcatalog; path = Assets.xcassets; sourceTree = "<group>"; };
		FCC2CDC42F54ADC20019E2C9 /* bsuirApp.swift */ = {isa = PBXFileReference; lastKnownFileType = sourcecode.swift; path = bsuirApp.swift; sourceTree = "<group>"; };
		FCC2CDC62F54ADC20019E2C9 /* Persistence.swift */ = {isa = PBXFileReference; lastKnownFileType = sourcecode.swift; path = Persistence.swift; sourceTree = "<group>"; };
		FCC2CDC82F54ADC20019E2C9 /* bsuir.xcdatamodel */ = {isa = PBXFileReference; lastKnownFileType = wrapper.xcdatamodel; path = bsuir.xcdatamodel; sourceTree = "<group>"; };
/* End PBXFileReference section */

/* Begin PBXFrameworksBuildPhase section */
		FA1840C02F3F3C3D00961D7A /* Frameworks */ = {
			isa = PBXFrameworksBuildPhase;
			buildActionMask = 2147483647;
			files = (
				FCFE285D2F54986C00A678FE /* ImageKitIO in Frameworks */,
				FCC2CDD42F54AE710019E2C9 /* FirebaseFirestore in Frameworks */,
				FCC2CDD22F54AE680019E2C9 /* FirebaseCore in Frameworks */,
				FCC2CDD02F54AE5E0019E2C9 /* FirebaseAuth in Frameworks */,
			);
			runOnlyForDeploymentPostprocessing = 0;
		};
/* End PBXFrameworksBuildPhase section */

/* Begin PBXGroup section */
		FA1840BA2F3F3C3D00961D7A = {
			isa = PBXGroup;
			children = (
				FA1841332F3F40C000961D7A /* FlightSearchApp */,
				FCC2CDC72F54ADC20019E2C9 /* bsuir */,
				FCC2CDCE2F54AE5E0019E2C9 /* Frameworks */,
				FA1840C42F3F3C3D00961D7A /* Products */,
			);
			sourceTree = "<group>";
		};
		FA1840C42F3F3C3D00961D7A /* Products */ = {
			isa = PBXGroup;
			children = (
				FA1840C32F3F3C3D00961D7A /* bsuir.app */,
			);
			name = Products;
			sourceTree = "<group>";
		};
		FA1841162F3F40C000961D7A /* App */ = {
			isa = PBXGroup;
			children = (
				FA1841142F3F40C000961D7A /* RootTabView.swift */,
				FA1841152F3F40C000961D7A /* SplashScreenView.swift */,
			);
			path = App;
			sourceTree = "<group>";
		};
		FA18411A2F3F40C000961D7A /* Models */ = {
			isa = PBXGroup;
			children = (
				FA1841172F3F40C000961D7A /* Flight.swift */,
				FA1841182F3F40C000961D7A /* SavedFlightModel.swift */,
				FA1841192F3F40C000961D7A /* SearchQuery.swift */,
			);
			path = Models;
			sourceTree = "<group>";
		};
		FA18411D2F3F40C000961D7A /* Resources */ = {
			isa = PBXGroup;
			children = (
				FA18411B2F3F40C000961D7A /* Localizable_en.strings */,
				FA18411C2F3F40C000961D7A /* Localizable_ru.strings */,
				FA18414A2F3F40C000961D7A /* flights.json */,
			);
			path = Resources;
			sourceTree = "<group>";
		};
		FA1841232F3F40C000961D7A /* Services */ = {
			isa = PBXGroup;
			children = (
				FA1EDF132F472BCF00917376 /* WeatherService.swift */,
				FACBC4522F45F3D50078DE6D /* NetworkMonitor.swift */,
				FA18414C2F3F40C000961D7A /* NotificationService.swift */,
				FA18411E2F3F40C000961D7A /* DatabaseService.swift */,
				FA18411F2F3F40C000961D7A /* LocalizationService.swift */,
				FA1841202F3F40C000961D7A /* MockFlightService.swift */,
				FA1841212F3F40C000961D7A /* SettingsManager.swift */,
				FA1841222F3F40C000961D7A /* ThemeService.swift */,
			);
			path = Services;
			sourceTree = "<group>";
		};
		FA1841282F3F40C000961D7A /* ViewModels */ = {
			isa = PBXGroup;
			children = (
				FA1841242F3F40C000961D7A /* FlightDetailsViewModel.swift */,
				FA1841252F3F40C000961D7A /* SavedFlightsViewModel.swift */,
				FA1841262F3F40C000961D7A /* SearchViewModel.swift */,
				FA1841272F3F40C000961D7A /* SettingsViewModel.swift */,
			);
			path = ViewModels;
			sourceTree = "<group>";
		};
		FA18412A2F3F40C000961D7A /* FlightDetails */ = {
			isa = PBXGroup;
			children = (
				FA1841292F3F40C000961D7A /* FlightDetailsView.swift */,
			);
			path = FlightDetails;
			sourceTree = "<group>";
		};
		FA18412C2F3F40C000961D7A /* SavedFlights */ = {
			isa = PBXGroup;
			children = (
				FA18412B2F3F40C000961D7A /* SavedFlightsView.swift */,
			);
			path = SavedFlights;
			sourceTree = "<group>";
		};
		FA18412E2F3F40C000961D7A /* Search */ = {
			isa = PBXGroup;
			children = (
				FA18412D2F3F40C000961D7A /* SearchView.swift */,
			);
			path = Search;
			sourceTree = "<group>";
		};
		FA1841302F3F40C000961D7A /* Settings */ = {
			isa = PBXGroup;
			children = (
				FA18412F2F3F40C000961D7A /* SettingsView.swift */,
			);
			path = Settings;
			sourceTree = "<group>";
		};
		FA1841312F3F40C000961D7A /* Views */ = {
			isa = PBXGroup;
			children = (
				FACBC45A2F45F6000078DE6D /* Components */,
				FA18412A2F3F40C000961D7A /* FlightDetails */,
				FA18412C2F3F40C000961D7A /* SavedFlights */,
				FA18412E2F3F40C000961D7A /* Search */,
				FA1841302F3F40C000961D7A /* Settings */,
			);
			path = Views;
			sourceTree = "<group>";
		};
		FA1841332F3F40C000961D7A /* FlightSearchApp */ = {
			isa = PBXGroup;
			children = (
				FA1841162F3F40C000961D7A /* App */,
				FA18411A2F3F40C000961D7A /* Models */,
				FA18411D2F3F40C000961D7A /* Resources */,
				FA1841232F3F40C000961D7A /* Services */,
				FA1841282F3F40C000961D7A /* ViewModels */,
				FA1841312F3F40C000961D7A /* Views */,
			);
			path = FlightSearchApp;
			sourceTree = "<group>";
		};
		FACBC45A2F45F6000078DE6D /* Components */ = {
			isa = PBXGroup;
			children = (
				FACBC4592F45F6000078DE6D /* ConnectionBanner.swift */,
			);
			path = Components;
			sourceTree = "<group>";
		};
		FCC2CDC72F54ADC20019E2C9 /* bsuir */ = {
			isa = PBXGroup;
			children = (
				FA7A49022F56E60B008039ED /* GoogleService-Info.plist */,
				FCC2CDC22F54ADC20019E2C9 /* Assets.xcassets */,
				FCC2CDC32F54ADC20019E2C9 /* bsuir.xcdatamodeld */,
				FCC2CDC42F54ADC20019E2C9 /* bsuirApp.swift */,
				FCC2CDC62F54ADC20019E2C9 /* Persistence.swift */,
			);
			path = bsuir;
			sourceTree = "<group>";
		};
		FCC2CDCE2F54AE5E0019E2C9 /* Frameworks */ = {
			isa = PBXGroup;
			children = (
			);
			name = Frameworks;
			sourceTree = "<group>";
		};
/* End PBXGroup section */

/* Begin PBXNativeTarget section */
		FA1840C22F3F3C3D00961D7A /* bsuir */ = {
			isa = PBXNativeTarget;
			buildConfigurationList = FA1840D32F3F3C3E00961D7A /* Build configuration list for PBXNativeTarget "bsuir" */;
			buildPhases = (
				FA1840BF2F3F3C3D00961D7A /* Sources */,
				FA1840C02F3F3C3D00961D7A /* Frameworks */,
				FA1840C12F3F3C3D00961D7A /* Resources */,
			);
			buildRules = (
			);
			dependencies = (
			);
			name = bsuir;
			packageProductDependencies = (
				FCFE285C2F54986C00A678FE /* ImageKitIO */,
				FCC2CDCF2F54AE5E0019E2C9 /* FirebaseAuth */,
				FCC2CDD12F54AE680019E2C9 /* FirebaseCore */,
				FCC2CDD32F54AE710019E2C9 /* FirebaseFirestore */,
			);
			productName = bsuir;
			productReference = FA1840C32F3F3C3D00961D7A /* bsuir.app */;
			productType = "com.apple.product-type.application";
		};
/* End PBXNativeTarget section */

/* Begin PBXProject section */
		FA1840BB2F3F3C3D00961D7A /* Project object */ = {
			isa = PBXProject;
			attributes = {
				BuildIndependentTargetsInParallel = 1;
				LastSwiftUpdateCheck = 2620;
				LastUpgradeCheck = 2620;
				TargetAttributes = {
					FA1840C22F3F3C3D00961D7A = {
						CreatedOnToolsVersion = 26.2;
					};
				};
			};
			buildConfigurationList = FA1840BE2F3F3C3D00961D7A /* Build configuration list for PBXProject "bsuir" */;
			developmentRegion = en;
			hasScannedForEncodings = 0;
			knownRegions = (
				en,
				ru,
				Base,
			);
			mainGroup = FA1840BA2F3F3C3D00961D7A;
			minimizedProjectReferenceProxies = 1;
			packageReferences = (
				FCFE285B2F54986C00A678FE /* XCRemoteSwiftPackageReference "imagekit-ios" */,
				FCC2CDBD2F54A4A00019E2C9 /* XCRemoteSwiftPackageReference "firebase-ios-sdk" */,
			);
			preferredProjectObjectVersion = 77;
			productRefGroup = FA1840C42F3F3C3D00961D7A /* Products */;
			projectDirPath = "";
			projectRoot = "";
			targets = (
				FA1840C22F3F3C3D00961D7A /* bsuir */,
			);
		};
/* End PBXProject section */

/* Begin PBXResourcesBuildPhase section */
		FA1840C12F3F3C3D00961D7A /* Resources */ = {
			isa = PBXResourcesBuildPhase;
			buildActionMask = 2147483647;
			files = (
				FA1841342F3F40C000961D7A /* Localizable_en.strings in Resources */,
				FA1841352F3F40C000961D7A /* Localizable_ru.strings in Resources */,
				FA7A49032F56E60B008039ED /* GoogleService-Info.plist in Resources */,
				FA1841492F3F40C000961D7A /* flights.json in Resources */,
				FCC2CDC92F54ADC20019E2C9 /* Assets.xcassets in Resources */,
			);
			runOnlyForDeploymentPostprocessing = 0;
		};
/* End PBXResourcesBuildPhase section */

/* Begin PBXSourcesBuildPhase section */
		FA1840BF2F3F3C3D00961D7A /* Sources */ = {
			isa = PBXSourcesBuildPhase;
			buildActionMask = 2147483647;
			files = (
				FCC2CDCB2F54ADC20019E2C9 /* bsuir.xcdatamodeld in Sources */,
				FCC2CDCC2F54ADC20019E2C9 /* bsuirApp.swift in Sources */,
				FCC2CDCD2F54ADC20019E2C9 /* Persistence.swift in Sources */,
				FA1841372F3F40C000961D7A /* SearchView.swift in Sources */,
				FA1841382F3F40C000961D7A /* SearchQuery.swift in Sources */,
				FA1841392F3F40C000961D7A /* SavedFlightModel.swift in Sources */,
				FA18413A2F3F40C000961D7A /* RootTabView.swift in Sources */,
				FA18413B2F3F40C000961D7A /* Flight.swift in Sources */,
				FA18413C2F3F40C000961D7A /* FlightDetailsView.swift in Sources */,
				FA18413D2F3F40C000961D7A /* ThemeService.swift in Sources */,
				FA18413E2F3F40C000961D7A /* SettingsViewModel.swift in Sources */,
				FA18413F2F3F40C000961D7A /* SplashScreenView.swift in Sources */,
				FA1841402F3F40C000961D7A /* SettingsView.swift in Sources */,
				FA1841412F3F40C000961D7A /* SettingsManager.swift in Sources */,
				FACBC4532F45F3D50078DE6D /* NetworkMonitor.swift in Sources */,
				FA1841422F3F40C000961D7A /* FlightDetailsViewModel.swift in Sources */,
				FA1EDF142F472BCF00917376 /* WeatherService.swift in Sources */,
				FA1841432F3F40C000961D7A /* MockFlightService.swift in Sources */,
				FA1841442F3F40C000961D7A /* DatabaseService.swift in Sources */,
				FA1841452F3F40C000961D7A /* SearchViewModel.swift in Sources */,
				FA1841462F3F40C000961D7A /* LocalizationService.swift in Sources */,
				FA1841472F3F40C000961D7A /* SavedFlightsViewModel.swift in Sources */,
				FA1841482F3F40C000961D7A /* SavedFlightsView.swift in Sources */,
				FACBC45B2F45F6000078DE6D /* ConnectionBanner.swift in Sources */,
				FA18414B2F3F40C000961D7A /* NotificationService.swift in Sources */,
			);
			runOnlyForDeploymentPostprocessing = 0;
		};
/* End PBXSourcesBuildPhase section */

/* Begin XCBuildConfiguration section */
		FA1840D12F3F3C3E00961D7A /* Debug */ = {
			isa = XCBuildConfiguration;
			buildSettings = {
				ALWAYS_SEARCH_USER_PATHS = NO;
				ASSETCATALOG_COMPILER_GENERATE_SWIFT_ASSET_SYMBOL_EXTENSIONS = YES;
				CLANG_ANALYZER_NONNULL = YES;
				CLANG_ANALYZER_NUMBER_OBJECT_CONVERSION = YES_AGGRESSIVE;
				CLANG_CXX_LANGUAGE_STANDARD = "gnu++20";
				CLANG_ENABLE_MODULES = YES;
				CLANG_ENABLE_OBJC_ARC = YES;
				CLANG_ENABLE_OBJC_WEAK = YES;
				CLANG_WARN_BLOCK_CAPTURE_AUTORELEASING = YES;
				CLANG_WARN_BOOL_CONVERSION = YES;
				CLANG_WARN_COMMA = YES;
				CLANG_WARN_CONSTANT_CONVERSION = YES;
				CLANG_WARN_DEPRECATED_OBJC_IMPLEMENTATIONS = YES;
				CLANG_WARN_DIRECT_OBJC_ISA_USAGE = YES_ERROR;
				CLANG_WARN_DOCUMENTATION_COMMENTS = YES;
				CLANG_WARN_EMPTY_BODY = YES;
				CLANG_WARN_ENUM_CONVERSION = YES;
				CLANG_WARN_INFINITE_RECURSION = YES;
				CLANG_WARN_INT_CONVERSION = YES;
				CLANG_WARN_NON_LITERAL_NULL_CONVERSION = YES;
				CLANG_WARN_OBJC_IMPLICIT_RETAIN_SELF = YES;
				CLANG_WARN_OBJC_LITERAL_CONVERSION = YES;
				CLANG_WARN_OBJC_ROOT_CLASS = YES_ERROR;
				CLANG_WARN_QUOTED_INCLUDE_IN_FRAMEWORK_HEADER = YES;
				CLANG_WARN_RANGE_LOOP_ANALYSIS = YES;
				CLANG_WARN_STRICT_PROTOTYPES = YES;
				CLANG_WARN_SUSPICIOUS_MOVE = YES;
				CLANG_WARN_UNGUARDED_AVAILABILITY = YES_AGGRESSIVE;
				CLANG_WARN_UNREACHABLE_CODE = YES;
				CLANG_WARN__DUPLICATE_METHOD_MATCH = YES;
				COPY_PHASE_STRIP = NO;
				DEBUG_INFORMATION_FORMAT = dwarf;
				ENABLE_STRICT_OBJC_MSGSEND = YES;
				ENABLE_TESTABILITY = YES;
				ENABLE_USER_SCRIPT_SANDBOXING = YES;
				GCC_C_LANGUAGE_STANDARD = gnu17;
				GCC_DYNAMIC_NO_PIC = NO;
				GCC_NO_COMMON_BLOCKS = YES;
				GCC_OPTIMIZATION_LEVEL = 0;
				GCC_PREPROCESSOR_DEFINITIONS = (
					"DEBUG=1",
					"$(inherited)",
				);
				GCC_WARN_64_TO_32_BIT_CONVERSION = YES;
				GCC_WARN_ABOUT_RETURN_TYPE = YES_ERROR;
				GCC_WARN_UNDECLARED_SELECTOR = YES;
				GCC_WARN_UNINITIALIZED_AUTOS = YES_AGGRESSIVE;
				GCC_WARN_UNUSED_FUNCTION = YES;
				GCC_WARN_UNUSED_VARIABLE = YES;
				IPHONEOS_DEPLOYMENT_TARGET = 26.2;
				LOCALIZATION_PREFERS_STRING_CATALOGS = YES;
				MTL_ENABLE_DEBUG_INFO = INCLUDE_SOURCE;
				MTL_FAST_MATH = YES;
				ONLY_ACTIVE_ARCH = YES;
				SDKROOT = iphoneos;
				SWIFT_ACTIVE_COMPILATION_CONDITIONS = "DEBUG $(inherited)";
				SWIFT_OPTIMIZATION_LEVEL = "-Onone";
			};
			name = Debug;
		};
		FA1840D22F3F3C3E00961D7A /* Release */ = {
			isa = XCBuildConfiguration;
			buildSettings = {
				ALWAYS_SEARCH_USER_PATHS = NO;
				ASSETCATALOG_COMPILER_GENERATE_SWIFT_ASSET_SYMBOL_EXTENSIONS = YES;
				CLANG_ANALYZER_NONNULL = YES;
				CLANG_ANALYZER_NUMBER_OBJECT_CONVERSION = YES_AGGRESSIVE;
				CLANG_CXX_LANGUAGE_STANDARD = "gnu++20";
				CLANG_ENABLE_MODULES = YES;
				CLANG_ENABLE_OBJC_ARC = YES;
				CLANG_ENABLE_OBJC_WEAK = YES;
				CLANG_WARN_BLOCK_CAPTURE_AUTORELEASING = YES;
				CLANG_WARN_BOOL_CONVERSION = YES;
				CLANG_WARN_COMMA = YES;
				CLANG_WARN_CONSTANT_CONVERSION = YES;
				CLANG_WARN_DEPRECATED_OBJC_IMPLEMENTATIONS = YES;
				CLANG_WARN_DIRECT_OBJC_ISA_USAGE = YES_ERROR;
				CLANG_WARN_DOCUMENTATION_COMMENTS = YES;
				CLANG_WARN_EMPTY_BODY = YES;
				CLANG_WARN_ENUM_CONVERSION = YES;
				CLANG_WARN_INFINITE_RECURSION = YES;
				CLANG_WARN_INT_CONVERSION = YES;
				CLANG_WARN_NON_LITERAL_NULL_CONVERSION = YES;
				CLANG_WARN_OBJC_IMPLICIT_RETAIN_SELF = YES;
				CLANG_WARN_OBJC_LITERAL_CONVERSION = YES;
				CLANG_WARN_OBJC_ROOT_CLASS = YES_ERROR;
				CLANG_WARN_QUOTED_INCLUDE_IN_FRAMEWORK_HEADER = YES;
				CLANG_WARN_RANGE_LOOP_ANALYSIS = YES;
				CLANG_WARN_STRICT_PROTOTYPES = YES;
				CLANG_WARN_SUSPICIOUS_MOVE = YES;
				CLANG_WARN_UNGUARDED_AVAILABILITY = YES_AGGRESSIVE;
				CLANG_WARN_UNREACHABLE_CODE = YES;
				CLANG_WARN__DUPLICATE_METHOD_MATCH = YES;
				COPY_PHASE_STRIP = NO;
				DEBUG_INFORMATION_FORMAT = "dwarf-with-dsym";
				ENABLE_NS_ASSERTIONS = NO;
				ENABLE_STRICT_OBJC_MSGSEND = YES;
				ENABLE_USER_SCRIPT_SANDBOXING = YES;
				GCC_C_LANGUAGE_STANDARD = gnu17;
				GCC_NO_COMMON_BLOCKS = YES;
				GCC_WARN_64_TO_32_BIT_CONVERSION = YES;
				GCC_WARN_ABOUT_RETURN_TYPE = YES_ERROR;
				GCC_WARN_UNDECLARED_SELECTOR = YES;
				GCC_WARN_UNINITIALIZED_AUTOS = YES_AGGRESSIVE;
				GCC_WARN_UNUSED_FUNCTION = YES;
				GCC_WARN_UNUSED_VARIABLE = YES;
				IPHONEOS_DEPLOYMENT_TARGET = 26.2;
				LOCALIZATION_PREFERS_STRING_CATALOGS = YES;
				MTL_ENABLE_DEBUG_INFO = NO;
				MTL_FAST_MATH = YES;
				SDKROOT = iphoneos;
				SWIFT_COMPILATION_MODE = wholemodule;
				VALIDATE_PRODUCT = YES;
			};
			name = Release;
		};
		FA1840D42F3F3C3E00961D7A /* Debug */ = {
			isa = XCBuildConfiguration;
			buildSettings = {
				ASSETCATALOG_COMPILER_APPICON_NAME = AppIcon;
				ASSETCATALOG_COMPILER_GLOBAL_ACCENT_COLOR_NAME = AccentColor;
				CODE_SIGN_STYLE = Automatic;
				CURRENT_PROJECT_VERSION = 1;
				ENABLE_PREVIEWS = YES;
				GENERATE_INFOPLIST_FILE = YES;
				INFOPLIST_KEY_NSUserNotificationsUsageDescription = "Get reminders about your saved flights";
				INFOPLIST_KEY_UIApplicationSceneManifest_Generation = YES;
				INFOPLIST_KEY_UIApplicationSupportsIndirectInputEvents = YES;
				INFOPLIST_KEY_UILaunchScreen_Generation = YES;
				INFOPLIST_KEY_UISupportedInterfaceOrientations_iPad = "UIInterfaceOrientationPortrait UIInterfaceOrientationPortraitUpsideDown UIInterfaceOrientationLandscapeLeft UIInterfaceOrientationLandscapeRight";
				INFOPLIST_KEY_UISupportedInterfaceOrientations_iPhone = "UIInterfaceOrientationPortrait UIInterfaceOrientationLandscapeLeft UIInterfaceOrientationLandscapeRight";
				LD_RUNPATH_SEARCH_PATHS = (
					"$(inherited)",
					"@executable_path/Frameworks",
				);
				MARKETING_VERSION = 1.0;
				PRODUCT_BUNDLE_IDENTIFIER = w.bsuir;
				PRODUCT_NAME = "$(TARGET_NAME)";
				STRING_CATALOG_GENERATE_SYMBOLS = YES;
				SWIFT_APPROACHABLE_CONCURRENCY = YES;
				SWIFT_DEFAULT_ACTOR_ISOLATION = MainActor;
				SWIFT_EMIT_LOC_STRINGS = YES;
				SWIFT_UPCOMING_FEATURE_MEMBER_IMPORT_VISIBILITY = YES;
				SWIFT_VERSION = 5.0;
				TARGETED_DEVICE_FAMILY = "1,2";
			};
			name = Debug;
		};
		FA1840D52F3F3C3E00961D7A /* Release */ = {
			isa = XCBuildConfiguration;
			buildSettings = {
				ASSETCATALOG_COMPILER_APPICON_NAME = AppIcon;
				ASSETCATALOG_COMPILER_GLOBAL_ACCENT_COLOR_NAME = AccentColor;
				CODE_SIGN_STYLE = Automatic;
				CURRENT_PROJECT_VERSION = 1;
				ENABLE_PREVIEWS = YES;
				GENERATE_INFOPLIST_FILE = YES;
				INFOPLIST_KEY_NSUserNotificationsUsageDescription = "Get reminders about your saved flights";
				INFOPLIST_KEY_UIApplicationSceneManifest_Generation = YES;
				INFOPLIST_KEY_UIApplicationSupportsIndirectInputEvents = YES;
				INFOPLIST_KEY_UILaunchScreen_Generation = YES;
				INFOPLIST_KEY_UISupportedInterfaceOrientations_iPad = "UIInterfaceOrientationPortrait UIInterfaceOrientationPortraitUpsideDown UIInterfaceOrientationLandscapeLeft UIInterfaceOrientationLandscapeRight";
				INFOPLIST_KEY_UISupportedInterfaceOrientations_iPhone = "UIInterfaceOrientationPortrait UIInterfaceOrientationLandscapeLeft UIInterfaceOrientationLandscapeRight";
				LD_RUNPATH_SEARCH_PATHS = (
					"$(inherited)",
					"@executable_path/Frameworks",
				);
				MARKETING_VERSION = 1.0;
				PRODUCT_BUNDLE_IDENTIFIER = w.bsuir;
				PRODUCT_NAME = "$(TARGET_NAME)";
				STRING_CATALOG_GENERATE_SYMBOLS = YES;
				SWIFT_APPROACHABLE_CONCURRENCY = YES;
				SWIFT_DEFAULT_ACTOR_ISOLATION = MainActor;
				SWIFT_EMIT_LOC_STRINGS = YES;
				SWIFT_UPCOMING_FEATURE_MEMBER_IMPORT_VISIBILITY = YES;
				SWIFT_VERSION = 5.0;
				TARGETED_DEVICE_FAMILY = "1,2";
			};
			name = Release;
		};
/* End XCBuildConfiguration section */

/* Begin XCConfigurationList section */
		FA1840BE2F3F3C3D00961D7A /* Build configuration list for PBXProject "bsuir" */ = {
			isa = XCConfigurationList;
			buildConfigurations = (
				FA1840D12F3F3C3E00961D7A /* Debug */,
				FA1840D22F3F3C3E00961D7A /* Release */,
			);
			defaultConfigurationIsVisible = 0;
			defaultConfigurationName = Release;
		};
		FA1840D32F3F3C3E00961D7A /* Build configuration list for PBXNativeTarget "bsuir" */ = {
			isa = XCConfigurationList;
			buildConfigurations = (
				FA1840D42F3F3C3E00961D7A /* Debug */,
				FA1840D52F3F3C3E00961D7A /* Release */,
			);
			defaultConfigurationIsVisible = 0;
			defaultConfigurationName = Release;
		};
/* End XCConfigurationList section */

/* Begin XCRemoteSwiftPackageReference section */
		FCC2CDBD2F54A4A00019E2C9 /* XCRemoteSwiftPackageReference "firebase-ios-sdk" */ = {
			isa = XCRemoteSwiftPackageReference;
			repositoryURL = "https://github.com/firebase/firebase-ios-sdk";
			requirement = {
				kind = upToNextMajorVersion;
				minimumVersion = 12.10.0;
			};
		};
		FCFE285B2F54986C00A678FE /* XCRemoteSwiftPackageReference "imagekit-ios" */ = {
			isa = XCRemoteSwiftPackageReference;
			repositoryURL = "https://github.com/imagekit-developer/imagekit-ios";
			requirement = {
				kind = upToNextMajorVersion;
				minimumVersion = 3.1.0;
			};
		};
/* End XCRemoteSwiftPackageReference section */

/* Begin XCSwiftPackageProductDependency section */
		FCC2CDCF2F54AE5E0019E2C9 /* FirebaseAuth */ = {
			isa = XCSwiftPackageProductDependency;
			package = FCC2CDBD2F54A4A00019E2C9 /* XCRemoteSwiftPackageReference "firebase-ios-sdk" */;
			productName = FirebaseAuth;
		};
		FCC2CDD12F54AE680019E2C9 /* FirebaseCore */ = {
			isa = XCSwiftPackageProductDependency;
			package = FCC2CDBD2F54A4A00019E2C9 /* XCRemoteSwiftPackageReference "firebase-ios-sdk" */;
			productName = FirebaseCore;
		};
		FCC2CDD32F54AE710019E2C9 /* FirebaseFirestore */ = {
			isa = XCSwiftPackageProductDependency;
			package = FCC2CDBD2F54A4A00019E2C9 /* XCRemoteSwiftPackageReference "firebase-ios-sdk" */;
			productName = FirebaseFirestore;
		};
		FCFE285C2F54986C00A678FE /* ImageKitIO */ = {
			isa = XCSwiftPackageProductDependency;
			package = FCFE285B2F54986C00A678FE /* XCRemoteSwiftPackageReference "imagekit-ios" */;
			productName = ImageKitIO;
		};
/* End XCSwiftPackageProductDependency section */

/* Begin XCVersionGroup section */
		FCC2CDC32F54ADC20019E2C9 /* bsuir.xcdatamodeld */ = {
			isa = XCVersionGroup;
			children = (
				FCC2CDC82F54ADC20019E2C9 /* bsuir.xcdatamodel */,
			);
			currentVersion = FCC2CDC82F54ADC20019E2C9 /* bsuir.xcdatamodel */;
			path = bsuir.xcdatamodeld;
			sourceTree = "<group>";
			versionGroupType = wrapper.xcdatamodel;
		};
/* End XCVersionGroup section */
	};
	rootObject = FA1840BB2F3F3C3D00961D7A /* Project object */;
}
